
Microsoft Visual Studio Solution File, Format Version 12.00
# Visual Studio Version 16
VisualStudioVersion = 16.0.29905.134
MinimumVisualStudioVersion = 10.0.40219.1
Project("{9A19103F-16F7-4668-BE54-9A1E7A4F7556}") = "ConsoleApp1", "ConsoleApp1\ConsoleApp1.csproj", "{30B1F713-9F05-4DC6-9A32-AD1267486317}"
EndProject
Project("{9A19103F-16F7-4668-BE54-9A1E7A4F7556}") = "RabbitmqTest", "RabbitmqTest\RabbitmqTest.csproj", "{052DD7CA-0E76-4269-BE00-A1FE241BA510}"
EndProject
Project("{FAE04EC0-301F-11D3-BF4B-00C04F79EFBC}") = "Rabbitmq", "Rabbitmq\Rabbitmq.csproj", "{2D209EDC-B54E-47BE-BDB2-42610E900584}"
EndProject
Project("{FAE04EC0-301F-11D3-BF4B-00C04F79EFBC}") = "ConsoleApp3", "ConsoleApp3\ConsoleApp3.csproj", "{3EAE41CE-AE02-44CA-9DAB-6971010C8DE3}"
EndProject
Project("{FAE04EC0-301F-11D3-BF4B-00C04F79EFBC}") = "ConsoleApp4", "ConsoleApp4\ConsoleApp4.csproj", "{C7F1CED1-EE74-4546-806F-418DDBF31DD7}"
EndProject
Global
	GlobalSection(SolutionConfigurationPlatforms) = preSolution
		Debug|Any CPU = Debug|Any CPU
		Release|Any CPU = Release|Any CPU
	EndGlobalSection
	GlobalSection(ProjectConfigurationPlatforms) = postSolution
		{30B1F713-9F05-4DC6-9A32-AD1267486317}.Debug|Any CPU.ActiveCfg = Debug|Any CPU
		{30B1F713-9F05-4DC6-9A32-AD1267486317}.Debug|Any CPU.Build.0 = Debug|Any CPU
		{30B1F713-9F05-4DC6-9A32-AD1267486317}.Release|Any CPU.ActiveCfg = Release|Any CPU
		{30B1F713-9F05-4DC6-9A32-AD1267486317}.Release|Any CPU.Build.0 = Release|Any CPU
		{052DD7CA-0E76-4269-BE00-A1FE241BA510}.Debug|Any CPU.ActiveCfg = Debug|Any CPU
		{052DD7CA-0E76-4269-BE00-A1FE241BA510}.Debug|Any CPU.Build.0 = Debug|Any CPU
		{052DD7CA-0E76-4269-BE00-A1FE241BA510}.Release|Any CPU.ActiveCfg = Release|Any CPU
		{052DD7CA-0E76-4269-BE00-A1FE241BA510}.Release|Any CPU.Build.0 = Release|Any CPU
		{2D209EDC-B54E-47BE-BDB2-42610E900584}.Debug|Any CPU.ActiveCfg = Debug|Any CPU
		{2D209EDC-B54E-47BE-BDB2-42610E900584}.Debug|Any CPU.Build.0 = Debug|Any CPU
		{2D209EDC-B54E-47BE-BDB2-42610E900584}.Release|Any CPU.ActiveCfg = Release|Any CPU
		{2D209EDC-B54E-47BE-BDB2-42610E900584}.Release|Any CPU.Build.0 = Release|Any CPU
		{3EAE41CE-AE02-44CA-9DAB-6971010C8DE3}.Debug|Any CPU.ActiveCfg = Debug|Any CPU
		{3EAE41CE-AE02-44CA-9DAB-6971010C8DE3}.Debug|Any CPU.Build.0 = Debug|Any CPU
		{3EAE41CE-AE02-44CA-9DAB-6971010C8DE3}.Release|Any CPU.ActiveCfg = Release|Any CPU
		{3EAE41CE-AE02-44CA-9DAB-6971010C8DE3}.Release|Any CPU.Build.0 = Release|Any CPU
		{C7F1CED1-EE74-4546-806F-418DDBF31DD7}.Debug|Any CPU.ActiveCfg = Debug|Any CPU
		{C7F1CED1-EE74-4546-806F-418DDBF31DD7}.Debug|Any CPU.Build.0 = Debug|Any CPU
		{C7F1CED1-EE74-4546-806F-418DDBF31DD7}.Release|Any CPU.ActiveCfg = Release|Any CPU
		{C7F1CED1-EE74-4546-806F-418DDBF31DD7}.Release|Any CPU.Build.0 = Release|Any CPU
	EndGlobalSection
	GlobalSection(SolutionProperties) = preSolution
		HideSolutionNode = FALSE
	EndGlobalSection
	GlobalSection(ExtensibilityGlobals) = postSolution
		SolutionGuid = {5B364D19-0566-4C5F-9883-79ADA4A306FD}
	EndGlobalSection
EndGlobal
